
Microsoft Visual Studio Solution File, Format Version 12.00
# Visual Studio Version 17
VisualStudioVersion = 17.0.31912.275
MinimumVisualStudioVersion = 10.0.40219.1
Project("{FAE04EC0-301F-11D3-BF4B-00C04F79EFBC}") = "BrozBackend2", "BrozBackend2\BrozBackend2.csproj", "{8290F82E-D853-4091-9999-E6555608CA4F}"
EndProject
Project("{00D1A9C2-B5F0-4AF3-8072-F6C62B433612}") = "BrozDb", "BrozDb\BrozDb.sqlproj", "{7CC1EA2F-2728-4FE9-BF06-FDFE5001E9BA}"
EndProject
Project("{FAE04EC0-301F-11D3-BF4B-00C04F79EFBC}") = "DataAccess", "DataAccess\DataAccess.csproj", "{C790F675-7698-4334-9DD2-82A431A41928}"
EndProject
Project("{2150E333-8FDC-42A3-9474-1A3956D46DE8}") = "Solution Items", "Solution Items", "{7DC9B430-E0FB-4339-9F38-096564F4648E}"
	ProjectSection(SolutionItems) = preProject
		.editorconfig = .editorconfig
	EndProjectSection
EndProject
Global
	GlobalSection(SolutionConfigurationPlatforms) = preSolution
		Debug|Any CPU = Debug|Any CPU
		Release|Any CPU = Release|Any CPU
	EndGlobalSection
	GlobalSection(ProjectConfigurationPlatforms) = postSolution
		{8290F82E-D853-4091-9999-E6555608CA4F}.Debug|Any CPU.ActiveCfg = Debug|Any CPU
		{8290F82E-D853-4091-9999-E6555608CA4F}.Debug|Any CPU.Build.0 = Debug|Any CPU
		{8290F82E-D853-4091-9999-E6555608CA4F}.Release|Any CPU.ActiveCfg = Release|Any CPU
		{8290F82E-D853-4091-9999-E6555608CA4F}.Release|Any CPU.Build.0 = Release|Any CPU
		{7CC1EA2F-2728-4FE9-BF06-FDFE5001E9BA}.Debug|Any CPU.ActiveCfg = Debug|Any CPU
		{7CC1EA2F-2728-4FE9-BF06-FDFE5001E9BA}.Debug|Any CPU.Build.0 = Debug|Any CPU
		{7CC1EA2F-2728-4FE9-BF06-FDFE5001E9BA}.Debug|Any CPU.Deploy.0 = Debug|Any CPU
		{7CC1EA2F-2728-4FE9-BF06-FDFE5001E9BA}.Release|Any CPU.ActiveCfg = Release|Any CPU
		{7CC1EA2F-2728-4FE9-BF06-FDFE5001E9BA}.Release|Any CPU.Build.0 = Release|Any CPU
		{7CC1EA2F-2728-4FE9-BF06-FDFE5001E9BA}.Release|Any CPU.Deploy.0 = Release|Any CPU
		{C790F675-7698-4334-9DD2-82A431A41928}.Debug|Any CPU.ActiveCfg = Debug|Any CPU
		{C790F675-7698-4334-9DD2-82A431A41928}.Debug|Any CPU.Build.0 = Debug|Any CPU
		{C790F675-7698-4334-9DD2-82A431A41928}.Release|Any CPU.ActiveCfg = Release|Any CPU
		{C790F675-7698-4334-9DD2-82A431A41928}.Release|Any CPU.Build.0 = Release|Any CPU
	EndGlobalSection
	GlobalSection(SolutionProperties) = preSolution
		HideSolutionNode = FALSE
	EndGlobalSection
	GlobalSection(ExtensibilityGlobals) = postSolution
		SolutionGuid = {B665B568-E135-406D-B69C-2A41AC78A3A6}
	EndGlobalSection
EndGlobal
